// !$*UTF8*$!
{
	archiveVersion = 1;
	classes = {
	};
	objectVersion = 56;
	objects = {

/* Begin PBXBuildFile section */
		A93CD30528E12AED00D97965 /* LogBookReaderApp.swift in Sources */ = {isa = PBXBuildFile; fileRef = A93CD30428E12AED00D97965 /* LogBookReaderApp.swift */; };
		A93CD30728E12AED00D97965 /* ContentView.swift in Sources */ = {isa = PBXBuildFile; fileRef = A93CD30628E12AED00D97965 /* ContentView.swift */; };
		A93CD30928E12AED00D97965 /* Assets.xcassets in Resources */ = {isa = PBXBuildFile; fileRef = A93CD30828E12AED00D97965 /* Assets.xcassets */; };
		A93CD30C28E12AED00D97965 /* Preview Assets.xcassets in Resources */ = {isa = PBXBuildFile; fileRef = A93CD30B28E12AED00D97965 /* Preview Assets.xcassets */; };
		A93CD31728E12B2F00D97965 /* LogBook in Frameworks */ = {isa = PBXBuildFile; productRef = A93CD31628E12B2F00D97965 /* LogBook */; };
		A93CD31928E12B2F00D97965 /* LogBookUI in Frameworks */ = {isa = PBXBuildFile; productRef = A93CD31828E12B2F00D97965 /* LogBookUI */; };
/* End PBXBuildFile section */

/* Begin PBXFileReference section */
		A93CD30128E12AED00D97965 /* LogBookReader.app */ = {isa = PBXFileReference; explicitFileType = wrapper.application; includeInIndex = 0; path = LogBookReader.app; sourceTree = BUILT_PRODUCTS_DIR; };
		A93CD30428E12AED00D97965 /* LogBookReaderApp.swift */ = {isa = PBXFileReference; lastKnownFileType = sourcecode.swift; path = LogBookReaderApp.swift; sourceTree = "<group>"; };
		A93CD30628E12AED00D97965 /* ContentView.swift */ = {isa = PBXFileReference; lastKnownFileType = sourcecode.swift; path = ContentView.swift; sourceTree = "<group>"; };
		A93CD30828E12AED00D97965 /* Assets.xcassets */ = {isa = PBXFileReference; lastKnownFileType = folder.assetcatalog; path = Assets.xcassets; sourceTree = "<group>"; };
		A93CD30B28E12AED00D97965 /* Preview Assets.xcassets */ = {isa = PBXFileReference; lastKnownFileType = folder.assetcatalog; path = "Preview Assets.xcassets"; sourceTree = "<group>"; };
		A93CD30D28E12AED00D97965 /* LogBookReader.entitlements */ = {isa = PBXFileReference; lastKnownFileType = text.plist.entitlements; path = LogBookReader.entitlements; sourceTree = "<group>"; };
		A93CD31428E12B2000D97965 /* LogBook */ = {isa = PBXFileReference; lastKnownFileType = wrapper; name = LogBook; path = ../LogBook; sourceTree = "<group>"; };
/* End PBXFileReference section */

/* Begin PBXFrameworksBuildPhase section */
		A93CD2FE28E12AED00D97965 /* Frameworks */ = {
			isa = PBXFrameworksBuildPhase;
			buildActionMask = 2147483647;
			files = (
				A93CD31928E12B2F00D97965 /* LogBookUI in Frameworks */,
				A93CD31728E12B2F00D97965 /* LogBook in Frameworks */,
			);
			runOnlyForDeploymentPostprocessing = 0;
		};
/* End PBXFrameworksBuildPhase section */

/* Begin PBXGroup section */
		A93CD2F828E12AED00D97965 = {
			isa = PBXGroup;
			children = (
				A93CD31328E12B2000D97965 /* Packages */,
				A93CD30328E12AED00D97965 /* LogBookReader */,
				A93CD30228E12AED00D97965 /* Products */,
				A93CD31528E12B2F00D97965 /* Frameworks */,
			);
			sourceTree = "<group>";
		};
		A93CD30228E12AED00D97965 /* Products */ = {
			isa = PBXGroup;
			children = (
				A93CD30128E12AED00D97965 /* LogBookReader.app */,
			);
			name = Products;
			sourceTree = "<group>";
		};
		A93CD30328E12AED00D97965 /* LogBookReader */ = {
			isa = PBXGroup;
			children = (
				A93CD30428E12AED00D97965 /* LogBookReaderApp.swift */,
				A93CD30628E12AED00D97965 /* ContentView.swift */,
				A93CD30828E12AED00D97965 /* Assets.xcassets */,
				A93CD30D28E12AED00D97965 /* LogBookReader.entitlements */,
				A93CD30A28E12AED00D97965 /* Preview Content */,
			);
			path = LogBookReader;
			sourceTree = "<group>";
		};
		A93CD30A28E12AED00D97965 /* Preview Content */ = {
			isa = PBXGroup;
			children = (
				A93CD30B28E12AED00D97965 /* Preview Assets.xcassets */,
			);
			path = "Preview Content";
			sourceTree = "<group>";
		};
		A93CD31328E12B2000D97965 /* Packages */ = {
			isa = PBXGroup;
			children = (
				A93CD31428E12B2000D97965 /* LogBook */,
			);
			name = Packages;
			sourceTree = "<group>";
		};
		A93CD31528E12B2F00D97965 /* Frameworks */ = {
			isa = PBXGroup;
			children = (
			);
			name = Frameworks;
			sourceTree = "<group>";
		};
/* End PBXGroup section */

/* Begin PBXNativeTarget section */
		A93CD30028E12AED00D97965 /* LogBookReader */ = {
			isa = PBXNativeTarget;
			buildConfigurationList = A93CD31028E12AED00D97965 /* Build configuration list for PBXNativeTarget "LogBookReader" */;
			buildPhases = (
				A93CD2FD28E12AED00D97965 /* Sources */,
				A93CD2FE28E12AED00D97965 /* Frameworks */,
				A93CD2FF28E12AED00D97965 /* Resources */,
			);
			buildRules = (
			);
			dependencies = (
			);
			name = LogBookReader;
			packageProductDependencies = (
				A93CD31628E12B2F00D97965 /* LogBook */,
				A93CD31828E12B2F00D97965 /* LogBookUI */,
			);
			productName = LogBookReader;
			productReference = A93CD30128E12AED00D97965 /* LogBookReader.app */;
			productType = "com.apple.product-type.application";
		};
/* End PBXNativeTarget section */

/* Begin PBXProject section */
		A93CD2F928E12AED00D97965 /* Project object */ = {
			isa = PBXProject;
			attributes = {
				BuildIndependentTargetsInParallel = 1;
				LastSwiftUpdateCheck = 1400;
				LastUpgradeCheck = 1400;
				TargetAttributes = {
					A93CD30028E12AED00D97965 = {
						CreatedOnToolsVersion = 14.0;
					};
				};
			};
			buildConfigurationList = A93CD2FC28E12AED00D97965 /* Build configuration list for PBXProject "LogBookReader" */;
			compatibilityVersion = "Xcode 14.0";
			developmentRegion = en;
			hasScannedForEncodings = 0;
			knownRegions = (
				en,
				Base,
			);
			mainGroup = A93CD2F828E12AED00D97965;
			productRefGroup = A93CD30228E12AED00D97965 /* Products */;
			projectDirPath = "";
			projectRoot = "";
			targets = (
				A93CD30028E12AED00D97965 /* LogBookReader */,
			);
		};
/* End PBXProject section */

/* Begin PBXResourcesBuildPhase section */
		A93CD2FF28E12AED00D97965 /* Resources */ = {
			isa = PBXResourcesBuildPhase;
			buildActionMask = 2147483647;
			files = (
				A93CD30C28E12AED00D97965 /* Preview Assets.xcassets in Resources */,
				A93CD30928E12AED00D97965 /* Assets.xcassets in Resources */,
			);
			runOnlyForDeploymentPostprocessing = 0;
		};
/* End PBXResourcesBuildPhase section */

/* Begin PBXSourcesBuildPhase section */
		A93CD2FD28E12AED00D97965 /* Sources */ = {
			isa = PBXSourcesBuildPhase;
			buildActionMask = 2147483647;
			files = (
				A93CD30728E12AED00D97965 /* ContentView.swift in Sources */,
				A93CD30528E12AED00D97965 /* LogBookReaderApp.swift in Sources */,
			);
			runOnlyForDeploymentPostprocessing = 0;
		};
/* End PBXSourcesBuildPhase section */

/* Begin XCBuildConfiguration section */
		A93CD30E28E12AED00D97965 /* Debug */ = {
			isa = XCBuildConfiguration;
			buildSettings = {
				ALWAYS_SEARCH_USER_PATHS = NO;
				CLANG_ANALYZER_NONNULL = YES;
				CLANG_ANALYZER_NUMBER_OBJECT_CONVERSION = YES_AGGRESSIVE;
				CLANG_CXX_LANGUAGE_STANDARD = "gnu++20";
				CLANG_ENABLE_MODULES = YES;
				CLANG_ENABLE_OBJC_ARC = YES;
				CLANG_ENABLE_OBJC_WEAK = YES;
				CLANG_WARN_BLOCK_CAPTURE_AUTORELEASING = YES;
				CLANG_WARN_BOOL_CONVERSION = YES;
				CLANG_WARN_COMMA = YES;
				CLANG_WARN_CONSTANT_CONVERSION = YES;
				CLANG_WARN_DEPRECATED_OBJC_IMPLEMENTATIONS = YES;
				CLANG_WARN_DIRECT_OBJC_ISA_USAGE = YES_ERROR;
				CLANG_WARN_DOCUMENTATION_COMMENTS = YES;
				CLANG_WARN_EMPTY_BODY = YES;
				CLANG_WARN_ENUM_CONVERSION = YES;
				CLANG_WARN_INFINITE_RECURSION = YES;
				CLANG_WARN_INT_CONVERSION = YES;
				CLANG_WARN_NON_LITERAL_NULL_CONVERSION = YES;
				CLANG_WARN_OBJC_IMPLICIT_RETAIN_SELF = YES;
				CLANG_WARN_OBJC_LITERAL_CONVERSION = YES;
				CLANG_WARN_OBJC_ROOT_CLASS = YES_ERROR;
				CLANG_WARN_QUOTED_INCLUDE_IN_FRAMEWORK_HEADER = YES;
				CLANG_WARN_RANGE_LOOP_ANALYSIS = YES;
				CLANG_WARN_STRICT_PROTOTYPES = YES;
				CLANG_WARN_SUSPICIOUS_MOVE = YES;
				CLANG_WARN_UNGUARDED_AVAILABILITY = YES_AGGRESSIVE;
				CLANG_WARN_UNREACHABLE_CODE = YES;
				CLANG_WARN__DUPLICATE_METHOD_MATCH = YES;
				COPY_PHASE_STRIP = NO;
				DEBUG_INFORMATION_FORMAT = dwarf;
				ENABLE_STRICT_OBJC_MSGSEND = YES;
				ENABLE_TESTABILITY = YES;
				GCC_C_LANGUAGE_STANDARD = gnu11;
				GCC_DYNAMIC_NO_PIC = NO;
				GCC_NO_COMMON_BLOCKS = YES;
				GCC_OPTIMIZATION_LEVEL = 0;
				GCC_PREPROCESSOR_DEFINITIONS = (
					"DEBUG=1",
					"$(inherited)",
				);
				GCC_WARN_64_TO_32_BIT_CONVERSION = YES;
				GCC_WARN_ABOUT_RETURN_TYPE = YES_ERROR;
				GCC_WARN_UNDECLARED_SELECTOR = YES;
				GCC_WARN_UNINITIALIZED_AUTOS = YES_AGGRESSIVE;
				GCC_WARN_UNUSED_FUNCTION = YES;
				GCC_WARN_UNUSED_VARIABLE = YES;
				MACOSX_DEPLOYMENT_TARGET = 12.3;
				MTL_ENABLE_DEBUG_INFO = INCLUDE_SOURCE;
				MTL_FAST_MATH = YES;
				ONLY_ACTIVE_ARCH = YES;
				SDKROOT = macosx;
				SWIFT_ACTIVE_COMPILATION_CONDITIONS = DEBUG;
				SWIFT_OPTIMIZATION_LEVEL = "-Onone";
			};
			name = Debug;
		};
		A93CD30F28E12AED00D97965 /* Release */ = {
			isa = XCBuildConfiguration;
			buildSettings = {
				ALWAYS_SEARCH_USER_PATHS = NO;
				CLANG_ANALYZER_NONNULL = YES;
				CLANG_ANALYZER_NUMBER_OBJECT_CONVERSION = YES_AGGRESSIVE;
				CLANG_CXX_LANGUAGE_STANDARD = "gnu++20";
				CLANG_ENABLE_MODULES = YES;
				CLANG_ENABLE_OBJC_ARC = YES;
				CLANG_ENABLE_OBJC_WEAK = YES;
				CLANG_WARN_BLOCK_CAPTURE_AUTORELEASING = YES;
				CLANG_WARN_BOOL_CONVERSION = YES;
				CLANG_WARN_COMMA = YES;
				CLANG_WARN_CONSTANT_CONVERSION = YES;
				CLANG_WARN_DEPRECATED_OBJC_IMPLEMENTATIONS = YES;
				CLANG_WARN_DIRECT_OBJC_ISA_USAGE = YES_ERROR;
				CLANG_WARN_DOCUMENTATION_COMMENTS = YES;
				CLANG_WARN_EMPTY_BODY = YES;
				CLANG_WARN_ENUM_CONVERSION = YES;
				CLANG_WARN_INFINITE_RECURSION = YES;
				CLANG_WARN_INT_CONVERSION = YES;
				CLANG_WARN_NON_LITERAL_NULL_CONVERSION = YES;
				CLANG_WARN_OBJC_IMPLICIT_RETAIN_SELF = YES;
				CLANG_WARN_OBJC_LITERAL_CONVERSION = YES;
				CLANG_WARN_OBJC_ROOT_CLASS = YES_ERROR;
				CLANG_WARN_QUOTED_INCLUDE_IN_FRAMEWORK_HEADER = YES;
				CLANG_WARN_RANGE_LOOP_ANALYSIS = YES;
				CLANG_WARN_STRICT_PROTOTYPES = YES;
				CLANG_WARN_SUSPICIOUS_MOVE = YES;
				CLANG_WARN_UNGUARDED_AVAILABILITY = YES_AGGRESSIVE;
				CLANG_WARN_UNREACHABLE_CODE = YES;
				CLANG_WARN__DUPLICATE_METHOD_MATCH = YES;
				COPY_PHASE_STRIP = NO;
				DEBUG_INFORMATION_FORMAT = "dwarf-with-dsym";
				ENABLE_NS_ASSERTIONS = NO;
				ENABLE_STRICT_OBJC_MSGSEND = YES;
				GCC_C_LANGUAGE_STANDARD = gnu11;
				GCC_NO_COMMON_BLOCKS = YES;
				GCC_WARN_64_TO_32_BIT_CONVERSION = YES;
				GCC_WARN_ABOUT_RETURN_TYPE = YES_ERROR;
				GCC_WARN_UNDECLARED_SELECTOR = YES;
				GCC_WARN_UNINITIALIZED_AUTOS = YES_AGGRESSIVE;
				GCC_WARN_UNUSED_FUNCTION = YES;
				GCC_WARN_UNUSED_VARIABLE = YES;
				MACOSX_DEPLOYMENT_TARGET = 12.3;
				MTL_ENABLE_DEBUG_INFO = NO;
				MTL_FAST_MATH = YES;
				SDKROOT = macosx;
				SWIFT_COMPILATION_MODE = wholemodule;
				SWIFT_OPTIMIZATION_LEVEL = "-O";
			};
			name = Release;
		};
		A93CD31128E12AED00D97965 /* Debug */ = {
			isa = XCBuildConfiguration;
			buildSettings = {
				ASSETCATALOG_COMPILER_APPICON_NAME = AppIcon;
				ASSETCATALOG_COMPILER_GLOBAL_ACCENT_COLOR_NAME = AccentColor;
				CODE_SIGN_ENTITLEMENTS = LogBookReader/LogBookReader.entitlements;
				CODE_SIGN_STYLE = Automatic;
				COMBINE_HIDPI_IMAGES = YES;
				CURRENT_PROJECT_VERSION = 1;
				DEVELOPMENT_ASSET_PATHS = "\"LogBookReader/Preview Content\"";
				DEVELOPMENT_TEAM = 8STHWE4QY7;
				ENABLE_HARDENED_RUNTIME = YES;
				ENABLE_PREVIEWS = YES;
				GENERATE_INFOPLIST_FILE = YES;
				INFOPLIST_KEY_NSHumanReadableCopyright = "";
				LD_RUNPATH_SEARCH_PATHS = (
					"$(inherited)",
					"@executable_path/../Frameworks",
				);
				MARKETING_VERSION = 1.0;
				PRODUCT_BUNDLE_IDENTIFIER = io.umurgdk.LogBookReader;
				PRODUCT_NAME = "$(TARGET_NAME)";
				SWIFT_EMIT_LOC_STRINGS = YES;
				SWIFT_VERSION = 5.0;
			};
			name = Debug;
		};
		A93CD31228E12AED00D97965 /* Release */ = {
			isa = XCBuildConfiguration;
			buildSettings = {
				ASSETCATALOG_COMPILER_APPICON_NAME = AppIcon;
				ASSETCATALOG_COMPILER_GLOBAL_ACCENT_COLOR_NAME = AccentColor;
				CODE_SIGN_ENTITLEMENTS = LogBookReader/LogBookReader.entitlements;
				CODE_SIGN_STYLE = Automatic;
				COMBINE_HIDPI_IMAGES = YES;
				CURRENT_PROJECT_VERSION = 1;
				DEVELOPMENT_ASSET_PATHS = "\"LogBookReader/Preview Content\"";
				DEVELOPMENT_TEAM = 8STHWE4QY7;
				ENABLE_HARDENED_RUNTIME = YES;
				ENABLE_PREVIEWS = YES;
				GENERATE_INFOPLIST_FILE = YES;
				INFOPLIST_KEY_NSHumanReadableCopyright = "";
				LD_RUNPATH_SEARCH_PATHS = (
					"$(inherited)",
					"@executable_path/../Frameworks",
				);
				MARKETING_VERSION = 1.0;
				PRODUCT_BUNDLE_IDENTIFIER = io.umurgdk.LogBookReader;
				PRODUCT_NAME = "$(TARGET_NAME)";
				SWIFT_EMIT_LOC_STRINGS = YES;
				SWIFT_VERSION = 5.0;
			};
			name = Release;
		};
/* End XCBuildConfiguration section */

/* Begin XCConfigurationList section */
		A93CD2FC28E12AED00D97965 /* Build configuration list for PBXProject "LogBookReader" */ = {
			isa = XCConfigurationList;
			buildConfigurations = (
				A93CD30E28E12AED00D97965 /* Debug */,
				A93CD30F28E12AED00D97965 /* Release */,
			);
			defaultConfigurationIsVisible = 0;
			defaultConfigurationName = Release;
		};
		A93CD31028E12AED00D97965 /* Build configuration list for PBXNativeTarget "LogBookReader" */ = {
			isa = XCConfigurationList;
			buildConfigurations = (
				A93CD31128E12AED00D97965 /* Debug */,
				A93CD31228E12AED00D97965 /* Release */,
			);
			defaultConfigurationIsVisible = 0;
			defaultConfigurationName = Release;
		};
/* End XCConfigurationList section */

/* Begin XCSwiftPackageProductDependency section */
		A93CD31628E12B2F00D97965 /* LogBook */ = {
			isa = XCSwiftPackageProductDependency;
			productName = LogBook;
		};
		A93CD31828E12B2F00D97965 /* LogBookUI */ = {
			isa = XCSwiftPackageProductDependency;
			productName = LogBookUI;
		};
/* End XCSwiftPackageProductDependency section */
	};
	rootObject = A93CD2F928E12AED00D97965 /* Project object */;
}
